// !$*UTF8*$!
{
	archiveVersion = 1;
	classes = {
	};
	objectVersion = 56;
	objects = {

/* Begin PBXBuildFile section */
		4A4473852CAB3B8A00C07982 /* NewActivityListView.swift in Sources */ = {isa = PBXBuildFile; fileRef = 4A4473842CAB3B8A00C07982 /* NewActivityListView.swift */; };
		4A4473892CB5AB1100C07982 /* ActivityClassSmallCellView.swift in Sources */ = {isa = PBXBuildFile; fileRef = 4A4473882CB5AB1100C07982 /* ActivityClassSmallCellView.swift */; };
		4A44738B2CB74CAD00C07982 /* ActiveActivitiesView.swift in Sources */ = {isa = PBXBuildFile; fileRef = 4A44738A2CB74CAD00C07982 /* ActiveActivitiesView.swift */; };
		4A4473922CB9B03D00C07982 /* ActivityObjectCellView.swift in Sources */ = {isa = PBXBuildFile; fileRef = 4A4473912CB9B03D00C07982 /* ActivityObjectCellView.swift */; };
		4A76242C2D09702E0096877E /* NavigationTest.swift in Sources */ = {isa = PBXBuildFile; fileRef = 4A76242B2D09702E0096877E /* NavigationTest.swift */; };
		4A7F11F72C3AE282005200F2 /* TymeApp.swift in Sources */ = {isa = PBXBuildFile; fileRef = 4A7F11F62C3AE282005200F2 /* TymeApp.swift */; };
		4A7F11F92C3AE282005200F2 /* ContentView.swift in Sources */ = {isa = PBXBuildFile; fileRef = 4A7F11F82C3AE282005200F2 /* ContentView.swift */; };
		4A7F11FB2C3AE283005200F2 /* Assets.xcassets in Resources */ = {isa = PBXBuildFile; fileRef = 4A7F11FA2C3AE283005200F2 /* Assets.xcassets */; };
		4A7F11FE2C3AE283005200F2 /* Preview Assets.xcassets in Resources */ = {isa = PBXBuildFile; fileRef = 4A7F11FD2C3AE283005200F2 /* Preview Assets.xcassets */; };
		4A7F12122C3AE283005200F2 /* TymeUITests.swift in Sources */ = {isa = PBXBuildFile; fileRef = 4A7F12112C3AE283005200F2 /* TymeUITests.swift */; };
		4A7F12142C3AE283005200F2 /* TymeUITestsLaunchTests.swift in Sources */ = {isa = PBXBuildFile; fileRef = 4A7F12132C3AE283005200F2 /* TymeUITestsLaunchTests.swift */; };
		4A7F121A2C3AE283005200F2 /* Tyme Watch App.app in Embed Watch Content */ = {isa = PBXBuildFile; fileRef = 4A7F12192C3AE283005200F2 /* Tyme Watch App.app */; settings = {ATTRIBUTES = (RemoveHeadersOnCopy, ); }; };
		4A7F121F2C3AE283005200F2 /* TymeApp.swift in Sources */ = {isa = PBXBuildFile; fileRef = 4A7F121E2C3AE283005200F2 /* TymeApp.swift */; };
		4A7F12212C3AE283005200F2 /* ContentView.swift in Sources */ = {isa = PBXBuildFile; fileRef = 4A7F12202C3AE283005200F2 /* ContentView.swift */; };
		4A7F12232C3AE284005200F2 /* Assets.xcassets in Resources */ = {isa = PBXBuildFile; fileRef = 4A7F12222C3AE284005200F2 /* Assets.xcassets */; };
		4A7F12262C3AE284005200F2 /* Preview Assets.xcassets in Resources */ = {isa = PBXBuildFile; fileRef = 4A7F12252C3AE284005200F2 /* Preview Assets.xcassets */; };
		4A7F12302C3AE284005200F2 /* Tyme_Watch_AppTests.swift in Sources */ = {isa = PBXBuildFile; fileRef = 4A7F122F2C3AE284005200F2 /* Tyme_Watch_AppTests.swift */; };
		4A7F123A2C3AE284005200F2 /* Tyme_Watch_AppUITests.swift in Sources */ = {isa = PBXBuildFile; fileRef = 4A7F12392C3AE284005200F2 /* Tyme_Watch_AppUITests.swift */; };
		4A7F123C2C3AE284005200F2 /* Tyme_Watch_AppUITestsLaunchTests.swift in Sources */ = {isa = PBXBuildFile; fileRef = 4A7F123B2C3AE284005200F2 /* Tyme_Watch_AppUITestsLaunchTests.swift */; };
		4A7F12542C3AE30E005200F2 /* ActivityClassSchema.swift in Sources */ = {isa = PBXBuildFile; fileRef = 4A7F12532C3AE30E005200F2 /* ActivityClassSchema.swift */; };
		4A7F12562C3AEB3F005200F2 /* TimeRange.swift in Sources */ = {isa = PBXBuildFile; fileRef = 4A7F12552C3AEB3F005200F2 /* TimeRange.swift */; };
		4A7F12582C3C55A2005200F2 /* ActivityDummyData.swift in Sources */ = {isa = PBXBuildFile; fileRef = 4A7F12572C3C55A2005200F2 /* ActivityDummyData.swift */; };
		4A7F125E2C3F1790005200F2 /* ActiveView.swift in Sources */ = {isa = PBXBuildFile; fileRef = 4A7F125D2C3F1790005200F2 /* ActiveView.swift */; };
		4A7F12612C3F18BF005200F2 /* TimeRange.swift in Sources */ = {isa = PBXBuildFile; fileRef = 4A7F12552C3AEB3F005200F2 /* TimeRange.swift */; };
		4A7F12622C3F18BF005200F2 /* ActivityClassSchema.swift in Sources */ = {isa = PBXBuildFile; fileRef = 4A7F12532C3AE30E005200F2 /* ActivityClassSchema.swift */; };
		4A7F12632C3F18BF005200F2 /* ActivityDummyData.swift in Sources */ = {isa = PBXBuildFile; fileRef = 4A7F12572C3C55A2005200F2 /* ActivityDummyData.swift */; };
		4A7F12662C3F29F9005200F2 /* ModelHelper.swift in Sources */ = {isa = PBXBuildFile; fileRef = 4A7F12652C3F29F9005200F2 /* ModelHelper.swift */; };
		4A7F12672C3F29F9005200F2 /* ModelHelper.swift in Sources */ = {isa = PBXBuildFile; fileRef = 4A7F12652C3F29F9005200F2 /* ModelHelper.swift */; };
		4A7F12D72C55D6CE005200F2 /* ActivityObjectSchema.swift in Sources */ = {isa = PBXBuildFile; fileRef = 4A7F12D62C55D6CE005200F2 /* ActivityObjectSchema.swift */; };
		4A7F12D92C5AD4ED005200F2 /* HomeView.swift in Sources */ = {isa = PBXBuildFile; fileRef = 4A7F12D82C5AD4ED005200F2 /* HomeView.swift */; };
		4A8F50332CE7F1560096327C /* ActivityObjectWaitCountDown.swift in Sources */ = {isa = PBXBuildFile; fileRef = 4A8F50322CE7F1560096327C /* ActivityObjectWaitCountDown.swift */; };
		4A8F50342CE7F1560096327C /* ActivityObjectWaitCountDown.swift in Sources */ = {isa = PBXBuildFile; fileRef = 4A8F50322CE7F1560096327C /* ActivityObjectWaitCountDown.swift */; };
		4A8F50362CE80C840096327C /* ActObjStartWaitButton.swift in Sources */ = {isa = PBXBuildFile; fileRef = 4A8F50352CE80C840096327C /* ActObjStartWaitButton.swift */; };
		4A8F50372CE80C840096327C /* ActObjStartWaitButton.swift in Sources */ = {isa = PBXBuildFile; fileRef = 4A8F50352CE80C840096327C /* ActObjStartWaitButton.swift */; };
		4A8F50392CED41730096327C /* ActObjStatusCircleView.swift in Sources */ = {isa = PBXBuildFile; fileRef = 4A8F50382CED41730096327C /* ActObjStatusCircleView.swift */; };
		4A8F503A2CED41730096327C /* ActObjStatusCircleView.swift in Sources */ = {isa = PBXBuildFile; fileRef = 4A8F50382CED41730096327C /* ActObjStatusCircleView.swift */; };
		4A8F503F2CED64AE0096327C /* ActClassFullEditableView.swift in Sources */ = {isa = PBXBuildFile; fileRef = 4A8F503E2CED64AE0096327C /* ActClassFullEditableView.swift */; };
		4A8F50412CED72A70096327C /* EditableTimer.swift in Sources */ = {isa = PBXBuildFile; fileRef = 4A8F50402CED72A70096327C /* EditableTimer.swift */; };
		4A8F50432CED99150096327C /* ActClassSearchView.swift in Sources */ = {isa = PBXBuildFile; fileRef = 4A8F50422CED99150096327C /* ActClassSearchView.swift */; };
		4A8F50442CED99150096327C /* ActClassSearchView.swift in Sources */ = {isa = PBXBuildFile; fileRef = 4A8F50422CED99150096327C /* ActClassSearchView.swift */; };
		4A90D7A02C5D9C400036BAED /* ActivityObjectSchema.swift in Sources */ = {isa = PBXBuildFile; fileRef = 4A7F12D62C55D6CE005200F2 /* ActivityObjectSchema.swift */; };
		4A9A73F02CCDED660047C701 /* ActivityClassCell.swift in Sources */ = {isa = PBXBuildFile; fileRef = 4A9A73EF2CCDED660047C701 /* ActivityClassCell.swift */; };
		4AB16F182CDC768E00706F8B /* TimerManager.swift in Sources */ = {isa = PBXBuildFile; fileRef = 4AB17C372CD6DE7F0045B34C /* TimerManager.swift */; };
		4AB17C352CD3465B0045B34C /* ActiveObjectCellView.swift in Sources */ = {isa = PBXBuildFile; fileRef = 4AB17C342CD3465B0045B34C /* ActiveObjectCellView.swift */; };
		4AB17C392CD6FD5E0045B34C /* NotificationManager.swift in Sources */ = {isa = PBXBuildFile; fileRef = 4AB17C382CD6E8F00045B34C /* NotificationManager.swift */; };
		4AB17C3A2CD6FD5E0045B34C /* TimerManager.swift in Sources */ = {isa = PBXBuildFile; fileRef = 4AB17C372CD6DE7F0045B34C /* TimerManager.swift */; };
		4AEAC5652CEFD3B8008CE9F4 /* HomeNavigator.swift in Sources */ = {isa = PBXBuildFile; fileRef = 4AEAC5642CEFD3B8008CE9F4 /* HomeNavigator.swift */; };
		4AEAC5672CF008CE008CE9F4 /* ActivityFinderView.swift in Sources */ = {isa = PBXBuildFile; fileRef = 4AEAC5662CF008CE008CE9F4 /* ActivityFinderView.swift */; };
		4AEAC56A2CF1115F008CE9F4 /* ActivityClassList.swift in Sources */ = {isa = PBXBuildFile; fileRef = 4AEAC5692CF1115F008CE9F4 /* ActivityClassList.swift */; };
		4AF6B8E32CE28ABA0016811F /* NotificationManager.swift in Sources */ = {isa = PBXBuildFile; fileRef = 4AB17C382CD6E8F00045B34C /* NotificationManager.swift */; };
		4AF6B8E52CE29BB30016811F /* TextToSpeech.swift in Sources */ = {isa = PBXBuildFile; fileRef = 4AF6B8E42CE29BB30016811F /* TextToSpeech.swift */; };
		4AF6B8E62CE29BB30016811F /* TextToSpeech.swift in Sources */ = {isa = PBXBuildFile; fileRef = 4AF6B8E42CE29BB30016811F /* TextToSpeech.swift */; };
		4AFA2DFE2D08E8D1009C2A44 /* ActivityActions.swift in Sources */ = {isa = PBXBuildFile; fileRef = 4AFA2DFD2D08E8D1009C2A44 /* ActivityActions.swift */; };
		4AFA2DFF2D08E8D1009C2A44 /* ActivityActions.swift in Sources */ = {isa = PBXBuildFile; fileRef = 4AFA2DFD2D08E8D1009C2A44 /* ActivityActions.swift */; };
		4AFA2E012D08EA20009C2A44 /* ActivityTests.swift in Sources */ = {isa = PBXBuildFile; fileRef = 4AFA2E002D08EA20009C2A44 /* ActivityTests.swift */; };
		4AFA2E022D08EC29009C2A44 /* ActivityClassSchema.swift in Sources */ = {isa = PBXBuildFile; fileRef = 4A7F12532C3AE30E005200F2 /* ActivityClassSchema.swift */; };
		4AFA2E032D08EC29009C2A44 /* ActivityObjectSchema.swift in Sources */ = {isa = PBXBuildFile; fileRef = 4A7F12D62C55D6CE005200F2 /* ActivityObjectSchema.swift */; };
		4AFA2E042D08EC29009C2A44 /* ActivityDummyData.swift in Sources */ = {isa = PBXBuildFile; fileRef = 4A7F12572C3C55A2005200F2 /* ActivityDummyData.swift */; };
		4AFA2E052D08EC29009C2A44 /* ActivityActions.swift in Sources */ = {isa = PBXBuildFile; fileRef = 4AFA2DFD2D08E8D1009C2A44 /* ActivityActions.swift */; };
		4AFA2E062D08EC29009C2A44 /* TimeRange.swift in Sources */ = {isa = PBXBuildFile; fileRef = 4A7F12552C3AEB3F005200F2 /* TimeRange.swift */; };
		4AFA2E072D08EC29009C2A44 /* ModelHelper.swift in Sources */ = {isa = PBXBuildFile; fileRef = 4A7F12652C3F29F9005200F2 /* ModelHelper.swift */; };
		4AFA2E082D08EFD4009C2A44 /* TimerManager.swift in Sources */ = {isa = PBXBuildFile; fileRef = 4AB17C372CD6DE7F0045B34C /* TimerManager.swift */; };
		4AFA2E092D08EFD9009C2A44 /* NotificationManager.swift in Sources */ = {isa = PBXBuildFile; fileRef = 4AB17C382CD6E8F00045B34C /* NotificationManager.swift */; };
		4AFA2E0C2D08FE9C009C2A44 /* ActivityObjectWaitCountDown.swift in Sources */ = {isa = PBXBuildFile; fileRef = 4A8F50322CE7F1560096327C /* ActivityObjectWaitCountDown.swift */; };
		4AFA2E0D2D08FE9C009C2A44 /* ActObjStartWaitButton.swift in Sources */ = {isa = PBXBuildFile; fileRef = 4A8F50352CE80C840096327C /* ActObjStartWaitButton.swift */; };
		4AFA2E0E2D08FE9C009C2A44 /* ActObjStatusCircleView.swift in Sources */ = {isa = PBXBuildFile; fileRef = 4A8F50382CED41730096327C /* ActObjStatusCircleView.swift */; };
		4AFA2E0F2D08FE9C009C2A44 /* ActClassSearchView.swift in Sources */ = {isa = PBXBuildFile; fileRef = 4A8F50422CED99150096327C /* ActClassSearchView.swift */; };
		4AFA2E102D08FE9C009C2A44 /* ActivityClassSchema.swift in Sources */ = {isa = PBXBuildFile; fileRef = 4A7F12532C3AE30E005200F2 /* ActivityClassSchema.swift */; };
		4AFA2E112D08FE9C009C2A44 /* ActivityObjectSchema.swift in Sources */ = {isa = PBXBuildFile; fileRef = 4A7F12D62C55D6CE005200F2 /* ActivityObjectSchema.swift */; };
		4AFA2E122D08FE9C009C2A44 /* ActivityDummyData.swift in Sources */ = {isa = PBXBuildFile; fileRef = 4A7F12572C3C55A2005200F2 /* ActivityDummyData.swift */; };
		4AFA2E132D08FE9C009C2A44 /* ActivityActions.swift in Sources */ = {isa = PBXBuildFile; fileRef = 4AFA2DFD2D08E8D1009C2A44 /* ActivityActions.swift */; };
		4AFA2E142D08FE9C009C2A44 /* TimeRange.swift in Sources */ = {isa = PBXBuildFile; fileRef = 4A7F12552C3AEB3F005200F2 /* TimeRange.swift */; };
		4AFA2E152D08FE9C009C2A44 /* ModelHelper.swift in Sources */ = {isa = PBXBuildFile; fileRef = 4A7F12652C3F29F9005200F2 /* ModelHelper.swift */; };
		4AFA2E162D08FE9C009C2A44 /* NotificationManager.swift in Sources */ = {isa = PBXBuildFile; fileRef = 4AB17C382CD6E8F00045B34C /* NotificationManager.swift */; };
		4AFA2E172D08FE9C009C2A44 /* TimerManager.swift in Sources */ = {isa = PBXBuildFile; fileRef = 4AB17C372CD6DE7F0045B34C /* TimerManager.swift */; };
		4AFA2E182D08FE9C009C2A44 /* TextToSpeech.swift in Sources */ = {isa = PBXBuildFile; fileRef = 4AF6B8E42CE29BB30016811F /* TextToSpeech.swift */; };
		4AFA2E192D08FE9C009C2A44 /* ActiveActivitiesView.swift in Sources */ = {isa = PBXBuildFile; fileRef = 4A44738A2CB74CAD00C07982 /* ActiveActivitiesView.swift */; };
		4AFA2E1A2D08FE9C009C2A44 /* ActivityObjectCellView.swift in Sources */ = {isa = PBXBuildFile; fileRef = 4A4473912CB9B03D00C07982 /* ActivityObjectCellView.swift */; };
		4AFA2E1B2D08FE9C009C2A44 /* NewActivityListView.swift in Sources */ = {isa = PBXBuildFile; fileRef = 4A4473842CAB3B8A00C07982 /* NewActivityListView.swift */; };
		4AFA2E1C2D08FE9C009C2A44 /* ActivityClassList.swift in Sources */ = {isa = PBXBuildFile; fileRef = 4AEAC5692CF1115F008CE9F4 /* ActivityClassList.swift */; };
		4AFA2E1D2D08FE9C009C2A44 /* ActivityClassSmallCellView.swift in Sources */ = {isa = PBXBuildFile; fileRef = 4A4473882CB5AB1100C07982 /* ActivityClassSmallCellView.swift */; };
		4AFA2E1E2D08FE9C009C2A44 /* ActivityFinderView.swift in Sources */ = {isa = PBXBuildFile; fileRef = 4AEAC5662CF008CE008CE9F4 /* ActivityFinderView.swift */; };
		4AFA2E1F2D08FE9C009C2A44 /* ActClassFullEditableView.swift in Sources */ = {isa = PBXBuildFile; fileRef = 4A8F503E2CED64AE0096327C /* ActClassFullEditableView.swift */; };
		4AFA2E202D08FE9C009C2A44 /* EditableTimer.swift in Sources */ = {isa = PBXBuildFile; fileRef = 4A8F50402CED72A70096327C /* EditableTimer.swift */; };
		4AFA2E212D08FE9C009C2A44 /* TymeApp.swift in Sources */ = {isa = PBXBuildFile; fileRef = 4A7F11F62C3AE282005200F2 /* TymeApp.swift */; };
		4AFA2E222D08FE9C009C2A44 /* ContentView.swift in Sources */ = {isa = PBXBuildFile; fileRef = 4A7F11F82C3AE282005200F2 /* ContentView.swift */; };
		4AFA2E232D08FE9C009C2A44 /* HomeNavigator.swift in Sources */ = {isa = PBXBuildFile; fileRef = 4AEAC5642CEFD3B8008CE9F4 /* HomeNavigator.swift */; };
		4AFA2E262D0900CA009C2A44 /* Testing.framework in Frameworks */ = {isa = PBXBuildFile; fileRef = 4AFA2E252D0900CA009C2A44 /* Testing.framework */; platformFilter = ios; };
/* End PBXBuildFile section */

/* Begin PBXContainerItemProxy section */
		4A7F12042C3AE283005200F2 /* PBXContainerItemProxy */ = {
			isa = PBXContainerItemProxy;
			containerPortal = 4A7F11EB2C3AE282005200F2 /* Project object */;
			proxyType = 1;
			remoteGlobalIDString = 4A7F11F22C3AE282005200F2;
			remoteInfo = Tyme;
		};
		4A7F120E2C3AE283005200F2 /* PBXContainerItemProxy */ = {
			isa = PBXContainerItemProxy;
			containerPortal = 4A7F11EB2C3AE282005200F2 /* Project object */;
			proxyType = 1;
			remoteGlobalIDString = 4A7F11F22C3AE282005200F2;
			remoteInfo = Tyme;
		};
		4A7F121B2C3AE283005200F2 /* PBXContainerItemProxy */ = {
			isa = PBXContainerItemProxy;
			containerPortal = 4A7F11EB2C3AE282005200F2 /* Project object */;
			proxyType = 1;
			remoteGlobalIDString = 4A7F12182C3AE283005200F2;
			remoteInfo = "Tyme Watch App";
		};
		4A7F122C2C3AE284005200F2 /* PBXContainerItemProxy */ = {
			isa = PBXContainerItemProxy;
			containerPortal = 4A7F11EB2C3AE282005200F2 /* Project object */;
			proxyType = 1;
			remoteGlobalIDString = 4A7F12182C3AE283005200F2;
			remoteInfo = "Tyme Watch App";
		};
		4A7F12362C3AE284005200F2 /* PBXContainerItemProxy */ = {
			isa = PBXContainerItemProxy;
			containerPortal = 4A7F11EB2C3AE282005200F2 /* Project object */;
			proxyType = 1;
			remoteGlobalIDString = 4A7F12182C3AE283005200F2;
			remoteInfo = "Tyme Watch App";
		};
/* End PBXContainerItemProxy section */

/* Begin PBXCopyFilesBuildPhase section */
		4A7F12422C3AE284005200F2 /* Embed Watch Content */ = {
			isa = PBXCopyFilesBuildPhase;
			buildActionMask = 2147483647;
			dstPath = "$(CONTENTS_FOLDER_PATH)/Watch";
			dstSubfolderSpec = 16;
			files = (
				4A7F121A2C3AE283005200F2 /* Tyme Watch App.app in Embed Watch Content */,
			);
			name = "Embed Watch Content";
			runOnlyForDeploymentPostprocessing = 0;
		};
/* End PBXCopyFilesBuildPhase section */

/* Begin PBXFileReference section */
		4A4473842CAB3B8A00C07982 /* NewActivityListView.swift */ = {isa = PBXFileReference; lastKnownFileType = sourcecode.swift; path = NewActivityListView.swift; sourceTree = "<group>"; };
		4A4473882CB5AB1100C07982 /* ActivityClassSmallCellView.swift */ = {isa = PBXFileReference; lastKnownFileType = sourcecode.swift; path = ActivityClassSmallCellView.swift; sourceTree = "<group>"; };
		4A44738A2CB74CAD00C07982 /* ActiveActivitiesView.swift */ = {isa = PBXFileReference; lastKnownFileType = sourcecode.swift; path = ActiveActivitiesView.swift; sourceTree = "<group>"; };
		4A4473912CB9B03D00C07982 /* ActivityObjectCellView.swift */ = {isa = PBXFileReference; lastKnownFileType = sourcecode.swift; path = ActivityObjectCellView.swift; sourceTree = "<group>"; };
		4A76242B2D09702E0096877E /* NavigationTest.swift */ = {isa = PBXFileReference; lastKnownFileType = sourcecode.swift; path = NavigationTest.swift; sourceTree = "<group>"; };
		4A7F11F32C3AE282005200F2 /* Tyme.app */ = {isa = PBXFileReference; explicitFileType = wrapper.application; includeInIndex = 0; path = Tyme.app; sourceTree = BUILT_PRODUCTS_DIR; };
		4A7F11F62C3AE282005200F2 /* TymeApp.swift */ = {isa = PBXFileReference; lastKnownFileType = sourcecode.swift; path = TymeApp.swift; sourceTree = "<group>"; };
		4A7F11F82C3AE282005200F2 /* ContentView.swift */ = {isa = PBXFileReference; lastKnownFileType = sourcecode.swift; path = ContentView.swift; sourceTree = "<group>"; };
		4A7F11FA2C3AE283005200F2 /* Assets.xcassets */ = {isa = PBXFileReference; lastKnownFileType = folder.assetcatalog; path = Assets.xcassets; sourceTree = "<group>"; };
		4A7F11FD2C3AE283005200F2 /* Preview Assets.xcassets */ = {isa = PBXFileReference; lastKnownFileType = folder.assetcatalog; path = "Preview Assets.xcassets"; sourceTree = "<group>"; };
		4A7F12032C3AE283005200F2 /* TymeTests.xctest */ = {isa = PBXFileReference; explicitFileType = wrapper.cfbundle; includeInIndex = 0; path = TymeTests.xctest; sourceTree = BUILT_PRODUCTS_DIR; };
		4A7F120D2C3AE283005200F2 /* TymeUITests.xctest */ = {isa = PBXFileReference; explicitFileType = wrapper.cfbundle; includeInIndex = 0; path = TymeUITests.xctest; sourceTree = BUILT_PRODUCTS_DIR; };
		4A7F12112C3AE283005200F2 /* TymeUITests.swift */ = {isa = PBXFileReference; lastKnownFileType = sourcecode.swift; path = TymeUITests.swift; sourceTree = "<group>"; };
		4A7F12132C3AE283005200F2 /* TymeUITestsLaunchTests.swift */ = {isa = PBXFileReference; lastKnownFileType = sourcecode.swift; path = TymeUITestsLaunchTests.swift; sourceTree = "<group>"; };
		4A7F12192C3AE283005200F2 /* Tyme Watch App.app */ = {isa = PBXFileReference; explicitFileType = wrapper.application; includeInIndex = 0; path = "Tyme Watch App.app"; sourceTree = BUILT_PRODUCTS_DIR; };
		4A7F121E2C3AE283005200F2 /* TymeApp.swift */ = {isa = PBXFileReference; lastKnownFileType = sourcecode.swift; path = TymeApp.swift; sourceTree = "<group>"; };
		4A7F12202C3AE283005200F2 /* ContentView.swift */ = {isa = PBXFileReference; lastKnownFileType = sourcecode.swift; path = ContentView.swift; sourceTree = "<group>"; };
		4A7F12222C3AE284005200F2 /* Assets.xcassets */ = {isa = PBXFileReference; lastKnownFileType = folder.assetcatalog; path = Assets.xcassets; sourceTree = "<group>"; };
		4A7F12252C3AE284005200F2 /* Preview Assets.xcassets */ = {isa = PBXFileReference; lastKnownFileType = folder.assetcatalog; path = "Preview Assets.xcassets"; sourceTree = "<group>"; };
		4A7F122B2C3AE284005200F2 /* Tyme Watch AppTests.xctest */ = {isa = PBXFileReference; explicitFileType = wrapper.cfbundle; includeInIndex = 0; path = "Tyme Watch AppTests.xctest"; sourceTree = BUILT_PRODUCTS_DIR; };
		4A7F122F2C3AE284005200F2 /* Tyme_Watch_AppTests.swift */ = {isa = PBXFileReference; lastKnownFileType = sourcecode.swift; path = Tyme_Watch_AppTests.swift; sourceTree = "<group>"; };
		4A7F12352C3AE284005200F2 /* Tyme Watch AppUITests.xctest */ = {isa = PBXFileReference; explicitFileType = wrapper.cfbundle; includeInIndex = 0; path = "Tyme Watch AppUITests.xctest"; sourceTree = BUILT_PRODUCTS_DIR; };
		4A7F12392C3AE284005200F2 /* Tyme_Watch_AppUITests.swift */ = {isa = PBXFileReference; lastKnownFileType = sourcecode.swift; path = Tyme_Watch_AppUITests.swift; sourceTree = "<group>"; };
		4A7F123B2C3AE284005200F2 /* Tyme_Watch_AppUITestsLaunchTests.swift */ = {isa = PBXFileReference; lastKnownFileType = sourcecode.swift; path = Tyme_Watch_AppUITestsLaunchTests.swift; sourceTree = "<group>"; };
		4A7F12532C3AE30E005200F2 /* ActivityClassSchema.swift */ = {isa = PBXFileReference; lastKnownFileType = sourcecode.swift; path = ActivityClassSchema.swift; sourceTree = "<group>"; };
		4A7F12552C3AEB3F005200F2 /* TimeRange.swift */ = {isa = PBXFileReference; fileEncoding = 4; lastKnownFileType = sourcecode.swift; path = TimeRange.swift; sourceTree = "<group>"; };
		4A7F12572C3C55A2005200F2 /* ActivityDummyData.swift */ = {isa = PBXFileReference; lastKnownFileType = sourcecode.swift; path = ActivityDummyData.swift; sourceTree = "<group>"; };
		4A7F125D2C3F1790005200F2 /* ActiveView.swift */ = {isa = PBXFileReference; lastKnownFileType = sourcecode.swift; path = ActiveView.swift; sourceTree = "<group>"; };
		4A7F12652C3F29F9005200F2 /* ModelHelper.swift */ = {isa = PBXFileReference; lastKnownFileType = sourcecode.swift; path = ModelHelper.swift; sourceTree = "<group>"; };
		4A7F126A2C3F3E34005200F2 /* WorkingArticle.md */ = {isa = PBXFileReference; lastKnownFileType = net.daringfireball.markdown; path = WorkingArticle.md; sourceTree = "<group>"; };
		4A7F12D62C55D6CE005200F2 /* ActivityObjectSchema.swift */ = {isa = PBXFileReference; lastKnownFileType = sourcecode.swift; path = ActivityObjectSchema.swift; sourceTree = "<group>"; };
		4A7F12D82C5AD4ED005200F2 /* HomeView.swift */ = {isa = PBXFileReference; lastKnownFileType = sourcecode.swift; path = HomeView.swift; sourceTree = "<group>"; };
		4A8F50322CE7F1560096327C /* ActivityObjectWaitCountDown.swift */ = {isa = PBXFileReference; lastKnownFileType = sourcecode.swift; path = ActivityObjectWaitCountDown.swift; sourceTree = "<group>"; };
		4A8F50352CE80C840096327C /* ActObjStartWaitButton.swift */ = {isa = PBXFileReference; lastKnownFileType = sourcecode.swift; path = ActObjStartWaitButton.swift; sourceTree = "<group>"; };
		4A8F50382CED41730096327C /* ActObjStatusCircleView.swift */ = {isa = PBXFileReference; lastKnownFileType = sourcecode.swift; path = ActObjStatusCircleView.swift; sourceTree = "<group>"; };
		4A8F503E2CED64AE0096327C /* ActClassFullEditableView.swift */ = {isa = PBXFileReference; lastKnownFileType = sourcecode.swift; path = ActClassFullEditableView.swift; sourceTree = "<group>"; };
		4A8F50402CED72A70096327C /* EditableTimer.swift */ = {isa = PBXFileReference; lastKnownFileType = sourcecode.swift; path = EditableTimer.swift; sourceTree = "<group>"; };
		4A8F50422CED99150096327C /* ActClassSearchView.swift */ = {isa = PBXFileReference; lastKnownFileType = sourcecode.swift; path = ActClassSearchView.swift; sourceTree = "<group>"; };
		4A9A73EF2CCDED660047C701 /* ActivityClassCell.swift */ = {isa = PBXFileReference; lastKnownFileType = sourcecode.swift; path = ActivityClassCell.swift; sourceTree = "<group>"; };
		4AB17C342CD3465B0045B34C /* ActiveObjectCellView.swift */ = {isa = PBXFileReference; lastKnownFileType = sourcecode.swift; path = ActiveObjectCellView.swift; sourceTree = "<group>"; };
		4AB17C372CD6DE7F0045B34C /* TimerManager.swift */ = {isa = PBXFileReference; lastKnownFileType = sourcecode.swift; path = TimerManager.swift; sourceTree = "<group>"; };
		4AB17C382CD6E8F00045B34C /* NotificationManager.swift */ = {isa = PBXFileReference; lastKnownFileType = sourcecode.swift; path = NotificationManager.swift; sourceTree = "<group>"; };
		4AEAC5642CEFD3B8008CE9F4 /* HomeNavigator.swift */ = {isa = PBXFileReference; lastKnownFileType = sourcecode.swift; path = HomeNavigator.swift; sourceTree = "<group>"; };
		4AEAC5662CF008CE008CE9F4 /* ActivityFinderView.swift */ = {isa = PBXFileReference; lastKnownFileType = sourcecode.swift; path = ActivityFinderView.swift; sourceTree = "<group>"; };
		4AEAC5692CF1115F008CE9F4 /* ActivityClassList.swift */ = {isa = PBXFileReference; lastKnownFileType = sourcecode.swift; path = ActivityClassList.swift; sourceTree = "<group>"; };
		4AF6B8E42CE29BB30016811F /* TextToSpeech.swift */ = {isa = PBXFileReference; lastKnownFileType = sourcecode.swift; path = TextToSpeech.swift; sourceTree = "<group>"; };
		4AFA2DFD2D08E8D1009C2A44 /* ActivityActions.swift */ = {isa = PBXFileReference; lastKnownFileType = sourcecode.swift; path = ActivityActions.swift; sourceTree = "<group>"; };
		4AFA2E002D08EA20009C2A44 /* ActivityTests.swift */ = {isa = PBXFileReference; lastKnownFileType = sourcecode.swift; path = ActivityTests.swift; sourceTree = "<group>"; };
		4AFA2E252D0900CA009C2A44 /* Testing.framework */ = {isa = PBXFileReference; lastKnownFileType = wrapper.framework; name = Testing.framework; path = Platforms/iPhoneOS.platform/Developer/Library/Frameworks/Testing.framework; sourceTree = DEVELOPER_DIR; };
/* End PBXFileReference section */

/* Begin PBXFrameworksBuildPhase section */
		4A7F11F02C3AE282005200F2 /* Frameworks */ = {
			isa = PBXFrameworksBuildPhase;
			buildActionMask = 2147483647;
			files = (
			);
			runOnlyForDeploymentPostprocessing = 0;
		};
		4A7F12002C3AE283005200F2 /* Frameworks */ = {
			isa = PBXFrameworksBuildPhase;
			buildActionMask = 2147483647;
			files = (
			);
			runOnlyForDeploymentPostprocessing = 0;
		};
		4A7F120A2C3AE283005200F2 /* Frameworks */ = {
			isa = PBXFrameworksBuildPhase;
			buildActionMask = 2147483647;
			files = (
				4AFA2E262D0900CA009C2A44 /* Testing.framework in Frameworks */,
			);
			runOnlyForDeploymentPostprocessing = 0;
		};
		4A7F12162C3AE283005200F2 /* Frameworks */ = {
			isa = PBXFrameworksBuildPhase;
			buildActionMask = 2147483647;
			files = (
			);
			runOnlyForDeploymentPostprocessing = 0;
		};
		4A7F12282C3AE284005200F2 /* Frameworks */ = {
			isa = PBXFrameworksBuildPhase;
			buildActionMask = 2147483647;
			files = (
			);
			runOnlyForDeploymentPostprocessing = 0;
		};
		4A7F12322C3AE284005200F2 /* Frameworks */ = {
			isa = PBXFrameworksBuildPhase;
			buildActionMask = 2147483647;
			files = (
			);
			runOnlyForDeploymentPostprocessing = 0;
		};
/* End PBXFrameworksBuildPhase section */

/* Begin PBXGroup section */
		4A44738C2CB753D200C07982 /* ActivityClass */ = {
			isa = PBXGroup;
			children = (
				4AEAC5682CF110F6008CE9F4 /* ActivityList */,
				4A4473882CB5AB1100C07982 /* ActivityClassSmallCellView.swift */,
				4AEAC5662CF008CE008CE9F4 /* ActivityFinderView.swift */,
				4A8F503E2CED64AE0096327C /* ActClassFullEditableView.swift */,
				4A8F50402CED72A70096327C /* EditableTimer.swift */,
			);
			path = ActivityClass;
			sourceTree = "<group>";
		};
		4A44738D2CB7541D00C07982 /* ActivityObject */ = {
			isa = PBXGroup;
			children = (
				4A44738A2CB74CAD00C07982 /* ActiveActivitiesView.swift */,
				4A4473912CB9B03D00C07982 /* ActivityObjectCellView.swift */,
			);
			path = ActivityObject;
			sourceTree = "<group>";
		};
		4A6366A62C8A42E300F372BF /* Activity */ = {
			isa = PBXGroup;
			children = (
				4A7F12532C3AE30E005200F2 /* ActivityClassSchema.swift */,
				4A7F12D62C55D6CE005200F2 /* ActivityObjectSchema.swift */,
				4A7F12572C3C55A2005200F2 /* ActivityDummyData.swift */,
				4AFA2DFD2D08E8D1009C2A44 /* ActivityActions.swift */,
			);
			path = Activity;
			sourceTree = "<group>";
		};
		4A7F11EA2C3AE282005200F2 = {
			isa = PBXGroup;
			children = (
				4A7F126A2C3F3E34005200F2 /* WorkingArticle.md */,
				4A8F502F2CE7EF910096327C /* Shared */,
				4A7F11F52C3AE282005200F2 /* Tyme */,
				4A7F12062C3AE283005200F2 /* TymeTests */,
				4A7F12102C3AE283005200F2 /* TymeUITests */,
				4A7F121D2C3AE283005200F2 /* Tyme Watch App */,
				4A7F122E2C3AE284005200F2 /* Tyme Watch AppTests */,
				4A7F12382C3AE284005200F2 /* Tyme Watch AppUITests */,
				4AFA2E242D0900CA009C2A44 /* Frameworks */,
				4A7F11F42C3AE282005200F2 /* Products */,
			);
			sourceTree = "<group>";
		};
		4A7F11F42C3AE282005200F2 /* Products */ = {
			isa = PBXGroup;
			children = (
				4A7F11F32C3AE282005200F2 /* Tyme.app */,
				4A7F12032C3AE283005200F2 /* TymeTests.xctest */,
				4A7F120D2C3AE283005200F2 /* TymeUITests.xctest */,
				4A7F12192C3AE283005200F2 /* Tyme Watch App.app */,
				4A7F122B2C3AE284005200F2 /* Tyme Watch AppTests.xctest */,
				4A7F12352C3AE284005200F2 /* Tyme Watch AppUITests.xctest */,
			);
			name = Products;
			sourceTree = "<group>";
		};
		4A7F11F52C3AE282005200F2 /* Tyme */ = {
			isa = PBXGroup;
			children = (
				4A44738D2CB7541D00C07982 /* ActivityObject */,
				4A44738C2CB753D200C07982 /* ActivityClass */,
				4A7F11F62C3AE282005200F2 /* TymeApp.swift */,
				4A7F11F82C3AE282005200F2 /* ContentView.swift */,
				4AEAC5642CEFD3B8008CE9F4 /* HomeNavigator.swift */,
				4A7F11FA2C3AE283005200F2 /* Assets.xcassets */,
				4A7F11FC2C3AE283005200F2 /* Preview Content */,
			);
			path = Tyme;
			sourceTree = "<group>";
		};
		4A7F11FC2C3AE283005200F2 /* Preview Content */ = {
			isa = PBXGroup;
			children = (
				4A7F11FD2C3AE283005200F2 /* Preview Assets.xcassets */,
			);
			path = "Preview Content";
			sourceTree = "<group>";
		};
		4A7F12062C3AE283005200F2 /* TymeTests */ = {
			isa = PBXGroup;
			children = (
				4AFA2E002D08EA20009C2A44 /* ActivityTests.swift */,
				4A76242B2D09702E0096877E /* NavigationTest.swift */,
			);
			path = TymeTests;
			sourceTree = "<group>";
		};
		4A7F12102C3AE283005200F2 /* TymeUITests */ = {
			isa = PBXGroup;
			children = (
				4A7F12112C3AE283005200F2 /* TymeUITests.swift */,
				4A7F12132C3AE283005200F2 /* TymeUITestsLaunchTests.swift */,
			);
			path = TymeUITests;
			sourceTree = "<group>";
		};
		4A7F121D2C3AE283005200F2 /* Tyme Watch App */ = {
			isa = PBXGroup;
			children = (
				4A7F121E2C3AE283005200F2 /* TymeApp.swift */,
				4A7F12202C3AE283005200F2 /* ContentView.swift */,
				4A7F12222C3AE284005200F2 /* Assets.xcassets */,
				4A7F12242C3AE284005200F2 /* Preview Content */,
				4A7F125D2C3F1790005200F2 /* ActiveView.swift */,
				4AB17C342CD3465B0045B34C /* ActiveObjectCellView.swift */,
				4A7F12D82C5AD4ED005200F2 /* HomeView.swift */,
				4A9A73EF2CCDED660047C701 /* ActivityClassCell.swift */,
			);
			path = "Tyme Watch App";
			sourceTree = "<group>";
		};
		4A7F12242C3AE284005200F2 /* Preview Content */ = {
			isa = PBXGroup;
			children = (
				4A7F12252C3AE284005200F2 /* Preview Assets.xcassets */,
			);
			path = "Preview Content";
			sourceTree = "<group>";
		};
		4A7F122E2C3AE284005200F2 /* Tyme Watch AppTests */ = {
			isa = PBXGroup;
			children = (
				4A7F122F2C3AE284005200F2 /* Tyme_Watch_AppTests.swift */,
			);
			path = "Tyme Watch AppTests";
			sourceTree = "<group>";
		};
		4A7F12382C3AE284005200F2 /* Tyme Watch AppUITests */ = {
			isa = PBXGroup;
			children = (
				4A7F12392C3AE284005200F2 /* Tyme_Watch_AppUITests.swift */,
				4A7F123B2C3AE284005200F2 /* Tyme_Watch_AppUITestsLaunchTests.swift */,
			);
			path = "Tyme Watch AppUITests";
			sourceTree = "<group>";
		};
		4A7F12522C3AE2E4005200F2 /* SchemaAndModels */ = {
			isa = PBXGroup;
			children = (
				4A6366A62C8A42E300F372BF /* Activity */,
				4A7F12552C3AEB3F005200F2 /* TimeRange.swift */,
				4A7F12652C3F29F9005200F2 /* ModelHelper.swift */,
			);
			path = SchemaAndModels;
			sourceTree = "<group>";
		};
		4A8F502F2CE7EF910096327C /* Shared */ = {
			isa = PBXGroup;
			children = (
				4A8F50302CE7F0010096327C /* Views */,
				4A7F12522C3AE2E4005200F2 /* SchemaAndModels */,
				4AB17C362CD6DC680045B34C /* TimingAndNotifications */,
			);
			path = Shared;
			sourceTree = "<group>";
		};
		4A8F50302CE7F0010096327C /* Views */ = {
			isa = PBXGroup;
			children = (
				4A8F50312CE7F0250096327C /* ModelUI */,
			);
			path = Views;
			sourceTree = "<group>";
		};
		4A8F50312CE7F0250096327C /* ModelUI */ = {
			isa = PBXGroup;
			children = (
				4A8F50322CE7F1560096327C /* ActivityObjectWaitCountDown.swift */,
				4A8F50352CE80C840096327C /* ActObjStartWaitButton.swift */,
				4A8F50382CED41730096327C /* ActObjStatusCircleView.swift */,
				4A8F50422CED99150096327C /* ActClassSearchView.swift */,
			);
			path = ModelUI;
			sourceTree = "<group>";
		};
		4AB17C362CD6DC680045B34C /* TimingAndNotifications */ = {
			isa = PBXGroup;
			children = (
				4AB17C382CD6E8F00045B34C /* NotificationManager.swift */,
				4AB17C372CD6DE7F0045B34C /* TimerManager.swift */,
				4AF6B8E42CE29BB30016811F /* TextToSpeech.swift */,
			);
			path = TimingAndNotifications;
			sourceTree = "<group>";
		};
		4AEAC5682CF110F6008CE9F4 /* ActivityList */ = {
			isa = PBXGroup;
			children = (
				4A4473842CAB3B8A00C07982 /* NewActivityListView.swift */,
				4AEAC5692CF1115F008CE9F4 /* ActivityClassList.swift */,
			);
			path = ActivityList;
			sourceTree = "<group>";
		};
		4AFA2E242D0900CA009C2A44 /* Frameworks */ = {
			isa = PBXGroup;
			children = (
				4AFA2E252D0900CA009C2A44 /* Testing.framework */,
			);
			name = Frameworks;
			sourceTree = "<group>";
		};
/* End PBXGroup section */

/* Begin PBXNativeTarget section */
		4A7F11F22C3AE282005200F2 /* Tyme */ = {
			isa = PBXNativeTarget;
			buildConfigurationList = 4A7F12432C3AE284005200F2 /* Build configuration list for PBXNativeTarget "Tyme" */;
			buildPhases = (
				4A7F11EF2C3AE282005200F2 /* Sources */,
				4A7F11F02C3AE282005200F2 /* Frameworks */,
				4A7F11F12C3AE282005200F2 /* Resources */,
				4A7F12422C3AE284005200F2 /* Embed Watch Content */,
			);
			buildRules = (
			);
			dependencies = (
				4A7F121C2C3AE283005200F2 /* PBXTargetDependency */,
			);
			name = Tyme;
			productName = Tyme;
			productReference = 4A7F11F32C3AE282005200F2 /* Tyme.app */;
			productType = "com.apple.product-type.application";
		};
		4A7F12022C3AE283005200F2 /* TymeTests */ = {
			isa = PBXNativeTarget;
			buildConfigurationList = 4A7F12462C3AE284005200F2 /* Build configuration list for PBXNativeTarget "TymeTests" */;
			buildPhases = (
				4A7F11FF2C3AE283005200F2 /* Sources */,
				4A7F12002C3AE283005200F2 /* Frameworks */,
				4A7F12012C3AE283005200F2 /* Resources */,
			);
			buildRules = (
			);
			dependencies = (
				4A7F12052C3AE283005200F2 /* PBXTargetDependency */,
			);
			name = TymeTests;
			productName = TymeTests;
			productReference = 4A7F12032C3AE283005200F2 /* TymeTests.xctest */;
			productType = "com.apple.product-type.bundle.unit-test";
		};
		4A7F120C2C3AE283005200F2 /* TymeUITests */ = {
			isa = PBXNativeTarget;
			buildConfigurationList = 4A7F12492C3AE284005200F2 /* Build configuration list for PBXNativeTarget "TymeUITests" */;
			buildPhases = (
				4A7F12092C3AE283005200F2 /* Sources */,
				4A7F120A2C3AE283005200F2 /* Frameworks */,
				4A7F120B2C3AE283005200F2 /* Resources */,
			);
			buildRules = (
			);
			dependencies = (
				4A7F120F2C3AE283005200F2 /* PBXTargetDependency */,
			);
			name = TymeUITests;
			productName = TymeUITests;
			productReference = 4A7F120D2C3AE283005200F2 /* TymeUITests.xctest */;
			productType = "com.apple.product-type.bundle.ui-testing";
		};
		4A7F12182C3AE283005200F2 /* Tyme Watch App */ = {
			isa = PBXNativeTarget;
			buildConfigurationList = 4A7F123F2C3AE284005200F2 /* Build configuration list for PBXNativeTarget "Tyme Watch App" */;
			buildPhases = (
				4A7F12152C3AE283005200F2 /* Sources */,
				4A7F12162C3AE283005200F2 /* Frameworks */,
				4A7F12172C3AE283005200F2 /* Resources */,
			);
			buildRules = (
			);
			dependencies = (
			);
			name = "Tyme Watch App";
			productName = "Tyme Watch App";
			productReference = 4A7F12192C3AE283005200F2 /* Tyme Watch App.app */;
			productType = "com.apple.product-type.application";
		};
		4A7F122A2C3AE284005200F2 /* Tyme Watch AppTests */ = {
			isa = PBXNativeTarget;
			buildConfigurationList = 4A7F124C2C3AE284005200F2 /* Build configuration list for PBXNativeTarget "Tyme Watch AppTests" */;
			buildPhases = (
				4A7F12272C3AE284005200F2 /* Sources */,
				4A7F12282C3AE284005200F2 /* Frameworks */,
				4A7F12292C3AE284005200F2 /* Resources */,
			);
			buildRules = (
			);
			dependencies = (
				4A7F122D2C3AE284005200F2 /* PBXTargetDependency */,
			);
			name = "Tyme Watch AppTests";
			productName = "Tyme Watch AppTests";
			productReference = 4A7F122B2C3AE284005200F2 /* Tyme Watch AppTests.xctest */;
			productType = "com.apple.product-type.bundle.unit-test";
		};
		4A7F12342C3AE284005200F2 /* Tyme Watch AppUITests */ = {
			isa = PBXNativeTarget;
			buildConfigurationList = 4A7F124F2C3AE284005200F2 /* Build configuration list for PBXNativeTarget "Tyme Watch AppUITests" */;
			buildPhases = (
				4A7F12312C3AE284005200F2 /* Sources */,
				4A7F12322C3AE284005200F2 /* Frameworks */,
				4A7F12332C3AE284005200F2 /* Resources */,
			);
			buildRules = (
			);
			dependencies = (
				4A7F12372C3AE284005200F2 /* PBXTargetDependency */,
			);
			name = "Tyme Watch AppUITests";
			productName = "Tyme Watch AppUITests";
			productReference = 4A7F12352C3AE284005200F2 /* Tyme Watch AppUITests.xctest */;
			productType = "com.apple.product-type.bundle.ui-testing";
		};
/* End PBXNativeTarget section */

/* Begin PBXProject section */
		4A7F11EB2C3AE282005200F2 /* Project object */ = {
			isa = PBXProject;
			attributes = {
				BuildIndependentTargetsInParallel = 1;
				LastSwiftUpdateCheck = 1540;
				LastUpgradeCheck = 1600;
				TargetAttributes = {
					4A7F11F22C3AE282005200F2 = {
						CreatedOnToolsVersion = 15.4;
					};
					4A7F12022C3AE283005200F2 = {
						CreatedOnToolsVersion = 15.4;
						TestTargetID = 4A7F11F22C3AE282005200F2;
					};
					4A7F120C2C3AE283005200F2 = {
						CreatedOnToolsVersion = 15.4;
						TestTargetID = 4A7F11F22C3AE282005200F2;
					};
					4A7F12182C3AE283005200F2 = {
						CreatedOnToolsVersion = 15.4;
					};
					4A7F122A2C3AE284005200F2 = {
						CreatedOnToolsVersion = 15.4;
						TestTargetID = 4A7F12182C3AE283005200F2;
					};
					4A7F12342C3AE284005200F2 = {
						CreatedOnToolsVersion = 15.4;
						TestTargetID = 4A7F12182C3AE283005200F2;
					};
				};
			};
			buildConfigurationList = 4A7F11EE2C3AE282005200F2 /* Build configuration list for PBXProject "Tyme" */;
			compatibilityVersion = "Xcode 14.0";
			developmentRegion = en;
			hasScannedForEncodings = 0;
			knownRegions = (
				en,
				Base,
			);
			mainGroup = 4A7F11EA2C3AE282005200F2;
			productRefGroup = 4A7F11F42C3AE282005200F2 /* Products */;
			projectDirPath = "";
			projectRoot = "";
			targets = (
				4A7F11F22C3AE282005200F2 /* Tyme */,
				4A7F12022C3AE283005200F2 /* TymeTests */,
				4A7F120C2C3AE283005200F2 /* TymeUITests */,
				4A7F12182C3AE283005200F2 /* Tyme Watch App */,
				4A7F122A2C3AE284005200F2 /* Tyme Watch AppTests */,
				4A7F12342C3AE284005200F2 /* Tyme Watch AppUITests */,
			);
		};
/* End PBXProject section */

/* Begin PBXResourcesBuildPhase section */
		4A7F11F12C3AE282005200F2 /* Resources */ = {
			isa = PBXResourcesBuildPhase;
			buildActionMask = 2147483647;
			files = (
				4A7F11FE2C3AE283005200F2 /* Preview Assets.xcassets in Resources */,
				4A7F11FB2C3AE283005200F2 /* Assets.xcassets in Resources */,
			);
			runOnlyForDeploymentPostprocessing = 0;
		};
		4A7F12012C3AE283005200F2 /* Resources */ = {
			isa = PBXResourcesBuildPhase;
			buildActionMask = 2147483647;
			files = (
			);
			runOnlyForDeploymentPostprocessing = 0;
		};
		4A7F120B2C3AE283005200F2 /* Resources */ = {
			isa = PBXResourcesBuildPhase;
			buildActionMask = 2147483647;
			files = (
			);
			runOnlyForDeploymentPostprocessing = 0;
		};
		4A7F12172C3AE283005200F2 /* Resources */ = {
			isa = PBXResourcesBuildPhase;
			buildActionMask = 2147483647;
			files = (
				4A7F12262C3AE284005200F2 /* Preview Assets.xcassets in Resources */,
				4A7F12232C3AE284005200F2 /* Assets.xcassets in Resources */,
			);
			runOnlyForDeploymentPostprocessing = 0;
		};
		4A7F12292C3AE284005200F2 /* Resources */ = {
			isa = PBXResourcesBuildPhase;
			buildActionMask = 2147483647;
			files = (
			);
			runOnlyForDeploymentPostprocessing = 0;
		};
		4A7F12332C3AE284005200F2 /* Resources */ = {
			isa = PBXResourcesBuildPhase;
			buildActionMask = 2147483647;
			files = (
			);
			runOnlyForDeploymentPostprocessing = 0;
		};
/* End PBXResourcesBuildPhase section */

/* Begin PBXSourcesBuildPhase section */
		4A7F11EF2C3AE282005200F2 /* Sources */ = {
			isa = PBXSourcesBuildPhase;
			buildActionMask = 2147483647;
			files = (
				4AF6B8E32CE28ABA0016811F /* NotificationManager.swift in Sources */,
				4AEAC5672CF008CE008CE9F4 /* ActivityFinderView.swift in Sources */,
				4AB16F182CDC768E00706F8B /* TimerManager.swift in Sources */,
				4A8F50442CED99150096327C /* ActClassSearchView.swift in Sources */,
				4A4473852CAB3B8A00C07982 /* NewActivityListView.swift in Sources */,
				4AEAC5652CEFD3B8008CE9F4 /* HomeNavigator.swift in Sources */,
				4AFA2DFF2D08E8D1009C2A44 /* ActivityActions.swift in Sources */,
				4A8F503A2CED41730096327C /* ActObjStatusCircleView.swift in Sources */,
				4A90D7A02C5D9C400036BAED /* ActivityObjectSchema.swift in Sources */,
				4A7F12542C3AE30E005200F2 /* ActivityClassSchema.swift in Sources */,
				4AEAC56A2CF1115F008CE9F4 /* ActivityClassList.swift in Sources */,
				4A7F11F92C3AE282005200F2 /* ContentView.swift in Sources */,
				4A44738B2CB74CAD00C07982 /* ActiveActivitiesView.swift in Sources */,
				4A7F12562C3AEB3F005200F2 /* TimeRange.swift in Sources */,
				4A8F50372CE80C840096327C /* ActObjStartWaitButton.swift in Sources */,
				4A8F50412CED72A70096327C /* EditableTimer.swift in Sources */,
				4A7F12662C3F29F9005200F2 /* ModelHelper.swift in Sources */,
				4A8F50332CE7F1560096327C /* ActivityObjectWaitCountDown.swift in Sources */,
				4A4473892CB5AB1100C07982 /* ActivityClassSmallCellView.swift in Sources */,
				4A7F12582C3C55A2005200F2 /* ActivityDummyData.swift in Sources */,
				4AF6B8E52CE29BB30016811F /* TextToSpeech.swift in Sources */,
				4A8F503F2CED64AE0096327C /* ActClassFullEditableView.swift in Sources */,
				4A4473922CB9B03D00C07982 /* ActivityObjectCellView.swift in Sources */,
				4A7F11F72C3AE282005200F2 /* TymeApp.swift in Sources */,
			);
			runOnlyForDeploymentPostprocessing = 0;
		};
		4A7F11FF2C3AE283005200F2 /* Sources */ = {
			isa = PBXSourcesBuildPhase;
			buildActionMask = 2147483647;
			files = (
				4AFA2E022D08EC29009C2A44 /* ActivityClassSchema.swift in Sources */,
				4AFA2E032D08EC29009C2A44 /* ActivityObjectSchema.swift in Sources */,
				4AFA2E042D08EC29009C2A44 /* ActivityDummyData.swift in Sources */,
				4AFA2E052D08EC29009C2A44 /* ActivityActions.swift in Sources */,
				4AFA2E062D08EC29009C2A44 /* TimeRange.swift in Sources */,
				4AFA2E092D08EFD9009C2A44 /* NotificationManager.swift in Sources */,
				4AFA2E072D08EC29009C2A44 /* ModelHelper.swift in Sources */,
				4A76242C2D09702E0096877E /* NavigationTest.swift in Sources */,
				4AFA2E082D08EFD4009C2A44 /* TimerManager.swift in Sources */,
				4AFA2E012D08EA20009C2A44 /* ActivityTests.swift in Sources */,
			);
			runOnlyForDeploymentPostprocessing = 0;
		};
		4A7F12092C3AE283005200F2 /* Sources */ = {
			isa = PBXSourcesBuildPhase;
			buildActionMask = 2147483647;
			files = (
				4AFA2E0C2D08FE9C009C2A44 /* ActivityObjectWaitCountDown.swift in Sources */,
				4AFA2E0D2D08FE9C009C2A44 /* ActObjStartWaitButton.swift in Sources */,
				4AFA2E0E2D08FE9C009C2A44 /* ActObjStatusCircleView.swift in Sources */,
				4AFA2E0F2D08FE9C009C2A44 /* ActClassSearchView.swift in Sources */,
				4AFA2E102D08FE9C009C2A44 /* ActivityClassSchema.swift in Sources */,
				4AFA2E112D08FE9C009C2A44 /* ActivityObjectSchema.swift in Sources */,
				4AFA2E122D08FE9C009C2A44 /* ActivityDummyData.swift in Sources */,
				4AFA2E132D08FE9C009C2A44 /* ActivityActions.swift in Sources */,
				4AFA2E142D08FE9C009C2A44 /* TimeRange.swift in Sources */,
				4AFA2E152D08FE9C009C2A44 /* ModelHelper.swift in Sources */,
				4AFA2E162D08FE9C009C2A44 /* NotificationManager.swift in Sources */,
				4AFA2E172D08FE9C009C2A44 /* TimerManager.swift in Sources */,
				4AFA2E182D08FE9C009C2A44 /* TextToSpeech.swift in Sources */,
				4AFA2E192D08FE9C009C2A44 /* ActiveActivitiesView.swift in Sources */,
				4AFA2E1A2D08FE9C009C2A44 /* ActivityObjectCellView.swift in Sources */,
				4AFA2E1B2D08FE9C009C2A44 /* NewActivityListView.swift in Sources */,
				4AFA2E1C2D08FE9C009C2A44 /* ActivityClassList.swift in Sources */,
				4AFA2E1D2D08FE9C009C2A44 /* ActivityClassSmallCellView.swift in Sources */,
				4AFA2E1E2D08FE9C009C2A44 /* ActivityFinderView.swift in Sources */,
				4AFA2E1F2D08FE9C009C2A44 /* ActClassFullEditableView.swift in Sources */,
				4AFA2E202D08FE9C009C2A44 /* EditableTimer.swift in Sources */,
				4AFA2E212D08FE9C009C2A44 /* TymeApp.swift in Sources */,
				4AFA2E222D08FE9C009C2A44 /* ContentView.swift in Sources */,
				4AFA2E232D08FE9C009C2A44 /* HomeNavigator.swift in Sources */,
				4A7F12122C3AE283005200F2 /* TymeUITests.swift in Sources */,
				4A7F12142C3AE283005200F2 /* TymeUITestsLaunchTests.swift in Sources */,
			);
			runOnlyForDeploymentPostprocessing = 0;
		};
		4A7F12152C3AE283005200F2 /* Sources */ = {
			isa = PBXSourcesBuildPhase;
			buildActionMask = 2147483647;
			files = (
				4AB17C392CD6FD5E0045B34C /* NotificationManager.swift in Sources */,
				4AB17C3A2CD6FD5E0045B34C /* TimerManager.swift in Sources */,
				4A7F12612C3F18BF005200F2 /* TimeRange.swift in Sources */,
				4A8F50392CED41730096327C /* ActObjStatusCircleView.swift in Sources */,
				4A7F12D72C55D6CE005200F2 /* ActivityObjectSchema.swift in Sources */,
				4A7F12622C3F18BF005200F2 /* ActivityClassSchema.swift in Sources */,
				4AB17C352CD3465B0045B34C /* ActiveObjectCellView.swift in Sources */,
				4A7F12632C3F18BF005200F2 /* ActivityDummyData.swift in Sources */,
				4A9A73F02CCDED660047C701 /* ActivityClassCell.swift in Sources */,
				4A8F50362CE80C840096327C /* ActObjStartWaitButton.swift in Sources */,
				4AFA2DFE2D08E8D1009C2A44 /* ActivityActions.swift in Sources */,
				4A7F125E2C3F1790005200F2 /* ActiveView.swift in Sources */,
				4A8F50342CE7F1560096327C /* ActivityObjectWaitCountDown.swift in Sources */,
				4A7F12672C3F29F9005200F2 /* ModelHelper.swift in Sources */,
				4A7F12212C3AE283005200F2 /* ContentView.swift in Sources */,
				4AF6B8E62CE29BB30016811F /* TextToSpeech.swift in Sources */,
				4A7F12D92C5AD4ED005200F2 /* HomeView.swift in Sources */,
				4A8F50432CED99150096327C /* ActClassSearchView.swift in Sources */,
				4A7F121F2C3AE283005200F2 /* TymeApp.swift in Sources */,
			);
			runOnlyForDeploymentPostprocessing = 0;
		};
		4A7F12272C3AE284005200F2 /* Sources */ = {
			isa = PBXSourcesBuildPhase;
			buildActionMask = 2147483647;
			files = (
				4A7F12302C3AE284005200F2 /* Tyme_Watch_AppTests.swift in Sources */,
			);
			runOnlyForDeploymentPostprocessing = 0;
		};
		4A7F12312C3AE284005200F2 /* Sources */ = {
			isa = PBXSourcesBuildPhase;
			buildActionMask = 2147483647;
			files = (
				4A7F123A2C3AE284005200F2 /* Tyme_Watch_AppUITests.swift in Sources */,
				4A7F123C2C3AE284005200F2 /* Tyme_Watch_AppUITestsLaunchTests.swift in Sources */,
			);
			runOnlyForDeploymentPostprocessing = 0;
		};
/* End PBXSourcesBuildPhase section */

/* Begin PBXTargetDependency section */
		4A7F12052C3AE283005200F2 /* PBXTargetDependency */ = {
			isa = PBXTargetDependency;
			target = 4A7F11F22C3AE282005200F2 /* Tyme */;
			targetProxy = 4A7F12042C3AE283005200F2 /* PBXContainerItemProxy */;
		};
		4A7F120F2C3AE283005200F2 /* PBXTargetDependency */ = {
			isa = PBXTargetDependency;
			target = 4A7F11F22C3AE282005200F2 /* Tyme */;
			targetProxy = 4A7F120E2C3AE283005200F2 /* PBXContainerItemProxy */;
		};
		4A7F121C2C3AE283005200F2 /* PBXTargetDependency */ = {
			isa = PBXTargetDependency;
			target = 4A7F12182C3AE283005200F2 /* Tyme Watch App */;
			targetProxy = 4A7F121B2C3AE283005200F2 /* PBXContainerItemProxy */;
		};
		4A7F122D2C3AE284005200F2 /* PBXTargetDependency */ = {
			isa = PBXTargetDependency;
			target = 4A7F12182C3AE283005200F2 /* Tyme Watch App */;
			targetProxy = 4A7F122C2C3AE284005200F2 /* PBXContainerItemProxy */;
		};
		4A7F12372C3AE284005200F2 /* PBXTargetDependency */ = {
			isa = PBXTargetDependency;
			target = 4A7F12182C3AE283005200F2 /* Tyme Watch App */;
			targetProxy = 4A7F12362C3AE284005200F2 /* PBXContainerItemProxy */;
		};
/* End PBXTargetDependency section */

/* Begin XCBuildConfiguration section */
		4A7F123D2C3AE284005200F2 /* Debug */ = {
			isa = XCBuildConfiguration;
			buildSettings = {
				ALWAYS_SEARCH_USER_PATHS = NO;
				ASSETCATALOG_COMPILER_GENERATE_SWIFT_ASSET_SYMBOL_EXTENSIONS = YES;
				CLANG_ANALYZER_NONNULL = YES;
				CLANG_ANALYZER_NUMBER_OBJECT_CONVERSION = YES_AGGRESSIVE;
				CLANG_CXX_LANGUAGE_STANDARD = "gnu++20";
				CLANG_ENABLE_MODULES = YES;
				CLANG_ENABLE_OBJC_ARC = YES;
				CLANG_ENABLE_OBJC_WEAK = YES;
				CLANG_WARN_BLOCK_CAPTURE_AUTORELEASING = YES;
				CLANG_WARN_BOOL_CONVERSION = YES;
				CLANG_WARN_COMMA = YES;
				CLANG_WARN_CONSTANT_CONVERSION = YES;
				CLANG_WARN_DEPRECATED_OBJC_IMPLEMENTATIONS = YES;
				CLANG_WARN_DIRECT_OBJC_ISA_USAGE = YES_ERROR;
				CLANG_WARN_DOCUMENTATION_COMMENTS = YES;
				CLANG_WARN_EMPTY_BODY = YES;
				CLANG_WARN_ENUM_CONVERSION = YES;
				CLANG_WARN_INFINITE_RECURSION = YES;
				CLANG_WARN_INT_CONVERSION = YES;
				CLANG_WARN_NON_LITERAL_NULL_CONVERSION = YES;
				CLANG_WARN_OBJC_IMPLICIT_RETAIN_SELF = YES;
				CLANG_WARN_OBJC_LITERAL_CONVERSION = YES;
				CLANG_WARN_OBJC_ROOT_CLASS = YES_ERROR;
				CLANG_WARN_QUOTED_INCLUDE_IN_FRAMEWORK_HEADER = YES;
				CLANG_WARN_RANGE_LOOP_ANALYSIS = YES;
				CLANG_WARN_STRICT_PROTOTYPES = YES;
				CLANG_WARN_SUSPICIOUS_MOVE = YES;
				CLANG_WARN_UNGUARDED_AVAILABILITY = YES_AGGRESSIVE;
				CLANG_WARN_UNREACHABLE_CODE = YES;
				CLANG_WARN__DUPLICATE_METHOD_MATCH = YES;
				COPY_PHASE_STRIP = NO;
				DEAD_CODE_STRIPPING = YES;
				DEBUG_INFORMATION_FORMAT = dwarf;
				ENABLE_STRICT_OBJC_MSGSEND = YES;
				ENABLE_TESTABILITY = YES;
				ENABLE_USER_SCRIPT_SANDBOXING = YES;
				GCC_C_LANGUAGE_STANDARD = gnu17;
				GCC_DYNAMIC_NO_PIC = NO;
				GCC_NO_COMMON_BLOCKS = YES;
				GCC_OPTIMIZATION_LEVEL = 0;
				GCC_PREPROCESSOR_DEFINITIONS = (
					"DEBUG=1",
					"$(inherited)",
				);
				GCC_WARN_64_TO_32_BIT_CONVERSION = YES;
				GCC_WARN_ABOUT_RETURN_TYPE = YES_ERROR;
				GCC_WARN_UNDECLARED_SELECTOR = YES;
				GCC_WARN_UNINITIALIZED_AUTOS = YES_AGGRESSIVE;
				GCC_WARN_UNUSED_FUNCTION = YES;
				GCC_WARN_UNUSED_VARIABLE = YES;
				LOCALIZATION_PREFERS_STRING_CATALOGS = YES;
				MTL_ENABLE_DEBUG_INFO = INCLUDE_SOURCE;
				MTL_FAST_MATH = YES;
				ONLY_ACTIVE_ARCH = YES;
				SWIFT_ACTIVE_COMPILATION_CONDITIONS = "DEBUG $(inherited)";
				SWIFT_OPTIMIZATION_LEVEL = "-Onone";
			};
			name = Debug;
		};
		4A7F123E2C3AE284005200F2 /* Release */ = {
			isa = XCBuildConfiguration;
			buildSettings = {
				ALWAYS_SEARCH_USER_PATHS = NO;
				ASSETCATALOG_COMPILER_GENERATE_SWIFT_ASSET_SYMBOL_EXTENSIONS = YES;
				CLANG_ANALYZER_NONNULL = YES;
				CLANG_ANALYZER_NUMBER_OBJECT_CONVERSION = YES_AGGRESSIVE;
				CLANG_CXX_LANGUAGE_STANDARD = "gnu++20";
				CLANG_ENABLE_MODULES = YES;
				CLANG_ENABLE_OBJC_ARC = YES;
				CLANG_ENABLE_OBJC_WEAK = YES;
				CLANG_WARN_BLOCK_CAPTURE_AUTORELEASING = YES;
				CLANG_WARN_BOOL_CONVERSION = YES;
				CLANG_WARN_COMMA = YES;
				CLANG_WARN_CONSTANT_CONVERSION = YES;
				CLANG_WARN_DEPRECATED_OBJC_IMPLEMENTATIONS = YES;
				CLANG_WARN_DIRECT_OBJC_ISA_USAGE = YES_ERROR;
				CLANG_WARN_DOCUMENTATION_COMMENTS = YES;
				CLANG_WARN_EMPTY_BODY = YES;
				CLANG_WARN_ENUM_CONVERSION = YES;
				CLANG_WARN_INFINITE_RECURSION = YES;
				CLANG_WARN_INT_CONVERSION = YES;
				CLANG_WARN_NON_LITERAL_NULL_CONVERSION = YES;
				CLANG_WARN_OBJC_IMPLICIT_RETAIN_SELF = YES;
				CLANG_WARN_OBJC_LITERAL_CONVERSION = YES;
				CLANG_WARN_OBJC_ROOT_CLASS = YES_ERROR;
				CLANG_WARN_QUOTED_INCLUDE_IN_FRAMEWORK_HEADER = YES;
				CLANG_WARN_RANGE_LOOP_ANALYSIS = YES;
				CLANG_WARN_STRICT_PROTOTYPES = YES;
				CLANG_WARN_SUSPICIOUS_MOVE = YES;
				CLANG_WARN_UNGUARDED_AVAILABILITY = YES_AGGRESSIVE;
				CLANG_WARN_UNREACHABLE_CODE = YES;
				CLANG_WARN__DUPLICATE_METHOD_MATCH = YES;
				COPY_PHASE_STRIP = NO;
				DEAD_CODE_STRIPPING = YES;
				DEBUG_INFORMATION_FORMAT = "dwarf-with-dsym";
				ENABLE_NS_ASSERTIONS = NO;
				ENABLE_STRICT_OBJC_MSGSEND = YES;
				ENABLE_USER_SCRIPT_SANDBOXING = YES;
				GCC_C_LANGUAGE_STANDARD = gnu17;
				GCC_NO_COMMON_BLOCKS = YES;
				GCC_WARN_64_TO_32_BIT_CONVERSION = YES;
				GCC_WARN_ABOUT_RETURN_TYPE = YES_ERROR;
				GCC_WARN_UNDECLARED_SELECTOR = YES;
				GCC_WARN_UNINITIALIZED_AUTOS = YES_AGGRESSIVE;
				GCC_WARN_UNUSED_FUNCTION = YES;
				GCC_WARN_UNUSED_VARIABLE = YES;
				LOCALIZATION_PREFERS_STRING_CATALOGS = YES;
				MTL_ENABLE_DEBUG_INFO = NO;
				MTL_FAST_MATH = YES;
				SWIFT_COMPILATION_MODE = wholemodule;
			};
			name = Release;
		};
		4A7F12402C3AE284005200F2 /* Debug */ = {
			isa = XCBuildConfiguration;
			buildSettings = {
				ASSETCATALOG_COMPILER_APPICON_NAME = AppIcon;
				ASSETCATALOG_COMPILER_GLOBAL_ACCENT_COLOR_NAME = AccentColor;
				CODE_SIGN_STYLE = Automatic;
				CURRENT_PROJECT_VERSION = 1;
				DEVELOPMENT_ASSET_PATHS = "\"Tyme Watch App/Preview Content\"";
				DEVELOPMENT_TEAM = 9T9NWZ3C4S;
				ENABLE_PREVIEWS = YES;
				GENERATE_INFOPLIST_FILE = YES;
				INFOPLIST_KEY_CFBundleDisplayName = Tyme;
				INFOPLIST_KEY_UISupportedInterfaceOrientations = "UIInterfaceOrientationPortrait UIInterfaceOrientationPortraitUpsideDown";
				INFOPLIST_KEY_WKCompanionAppBundleIdentifier = com.sebagu.Tyme;
				LD_RUNPATH_SEARCH_PATHS = (
					"$(inherited)",
					"@executable_path/Frameworks",
				);
				MARKETING_VERSION = 1.0;
				PRODUCT_BUNDLE_IDENTIFIER = com.sebagu.Tyme.watchkitapp;
				PRODUCT_NAME = "$(TARGET_NAME)";
				SDKROOT = watchos;
				SKIP_INSTALL = YES;
				SWIFT_EMIT_LOC_STRINGS = YES;
				SWIFT_VERSION = 5.0;
				TARGETED_DEVICE_FAMILY = 4;
				WATCHOS_DEPLOYMENT_TARGET = 11.0;
			};
			name = Debug;
		};
		4A7F12412C3AE284005200F2 /* Release */ = {
			isa = XCBuildConfiguration;
			buildSettings = {
				ASSETCATALOG_COMPILER_APPICON_NAME = AppIcon;
				ASSETCATALOG_COMPILER_GLOBAL_ACCENT_COLOR_NAME = AccentColor;
				CODE_SIGN_STYLE = Automatic;
				CURRENT_PROJECT_VERSION = 1;
				DEVELOPMENT_ASSET_PATHS = "\"Tyme Watch App/Preview Content\"";
				DEVELOPMENT_TEAM = 9T9NWZ3C4S;
				ENABLE_PREVIEWS = YES;
				GENERATE_INFOPLIST_FILE = YES;
				INFOPLIST_KEY_CFBundleDisplayName = Tyme;
				INFOPLIST_KEY_UISupportedInterfaceOrientations = "UIInterfaceOrientationPortrait UIInterfaceOrientationPortraitUpsideDown";
				INFOPLIST_KEY_WKCompanionAppBundleIdentifier = com.sebagu.Tyme;
				LD_RUNPATH_SEARCH_PATHS = (
					"$(inherited)",
					"@executable_path/Frameworks",
				);
				MARKETING_VERSION = 1.0;
				PRODUCT_BUNDLE_IDENTIFIER = com.sebagu.Tyme.watchkitapp;
				PRODUCT_NAME = "$(TARGET_NAME)";
				SDKROOT = watchos;
				SKIP_INSTALL = YES;
				SWIFT_EMIT_LOC_STRINGS = YES;
				SWIFT_VERSION = 5.0;
				TARGETED_DEVICE_FAMILY = 4;
				VALIDATE_PRODUCT = YES;
				WATCHOS_DEPLOYMENT_TARGET = 11.0;
			};
			name = Release;
		};
		4A7F12442C3AE284005200F2 /* Debug */ = {
			isa = XCBuildConfiguration;
			buildSettings = {
				ASSETCATALOG_COMPILER_APPICON_NAME = AppIcon;
				ASSETCATALOG_COMPILER_GLOBAL_ACCENT_COLOR_NAME = AccentColor;
				CODE_SIGN_STYLE = Automatic;
				CURRENT_PROJECT_VERSION = 1;
				DEVELOPMENT_ASSET_PATHS = "\"Tyme/Preview Content\"";
				DEVELOPMENT_TEAM = 9T9NWZ3C4S;
				ENABLE_PREVIEWS = YES;
				GENERATE_INFOPLIST_FILE = YES;
				INFOPLIST_KEY_CFBundleDisplayName = Tyme;
				INFOPLIST_KEY_UIApplicationSceneManifest_Generation = YES;
				INFOPLIST_KEY_UIApplicationSupportsIndirectInputEvents = YES;
				INFOPLIST_KEY_UILaunchScreen_Generation = YES;
				INFOPLIST_KEY_UISupportedInterfaceOrientations_iPad = "UIInterfaceOrientationPortrait UIInterfaceOrientationPortraitUpsideDown UIInterfaceOrientationLandscapeLeft UIInterfaceOrientationLandscapeRight";
				INFOPLIST_KEY_UISupportedInterfaceOrientations_iPhone = "UIInterfaceOrientationPortrait UIInterfaceOrientationLandscapeLeft UIInterfaceOrientationLandscapeRight";
				IPHONEOS_DEPLOYMENT_TARGET = 17.5;
				LD_RUNPATH_SEARCH_PATHS = (
					"$(inherited)",
					"@executable_path/Frameworks",
				);
				MARKETING_VERSION = 1.0;
				PRODUCT_BUNDLE_IDENTIFIER = com.sebagu.Tyme;
				PRODUCT_NAME = "$(TARGET_NAME)";
				SDKROOT = iphoneos;
				SWIFT_EMIT_LOC_STRINGS = YES;
				SWIFT_STRICT_CONCURRENCY = complete;
				SWIFT_VERSION = 6.0;
				TARGETED_DEVICE_FAMILY = "1,2";
			};
			name = Debug;
		};
		4A7F12452C3AE284005200F2 /* Release */ = {
			isa = XCBuildConfiguration;
			buildSettings = {
				ASSETCATALOG_COMPILER_APPICON_NAME = AppIcon;
				ASSETCATALOG_COMPILER_GLOBAL_ACCENT_COLOR_NAME = AccentColor;
				CODE_SIGN_STYLE = Automatic;
				CURRENT_PROJECT_VERSION = 1;
				DEVELOPMENT_ASSET_PATHS = "\"Tyme/Preview Content\"";
				DEVELOPMENT_TEAM = 9T9NWZ3C4S;
				ENABLE_PREVIEWS = YES;
				GENERATE_INFOPLIST_FILE = YES;
				INFOPLIST_KEY_CFBundleDisplayName = Tyme;
				INFOPLIST_KEY_UIApplicationSceneManifest_Generation = YES;
				INFOPLIST_KEY_UIApplicationSupportsIndirectInputEvents = YES;
				INFOPLIST_KEY_UILaunchScreen_Generation = YES;
				INFOPLIST_KEY_UISupportedInterfaceOrientations_iPad = "UIInterfaceOrientationPortrait UIInterfaceOrientationPortraitUpsideDown UIInterfaceOrientationLandscapeLeft UIInterfaceOrientationLandscapeRight";
				INFOPLIST_KEY_UISupportedInterfaceOrientations_iPhone = "UIInterfaceOrientationPortrait UIInterfaceOrientationLandscapeLeft UIInterfaceOrientationLandscapeRight";
				IPHONEOS_DEPLOYMENT_TARGET = 17.5;
				LD_RUNPATH_SEARCH_PATHS = (
					"$(inherited)",
					"@executable_path/Frameworks",
				);
				MARKETING_VERSION = 1.0;
				PRODUCT_BUNDLE_IDENTIFIER = com.sebagu.Tyme;
				PRODUCT_NAME = "$(TARGET_NAME)";
				SDKROOT = iphoneos;
				SWIFT_EMIT_LOC_STRINGS = YES;
				SWIFT_STRICT_CONCURRENCY = complete;
				SWIFT_VERSION = 6.0;
				TARGETED_DEVICE_FAMILY = "1,2";
				VALIDATE_PRODUCT = YES;
			};
			name = Release;
		};
		4A7F12472C3AE284005200F2 /* Debug */ = {
			isa = XCBuildConfiguration;
			buildSettings = {
				BUNDLE_LOADER = "$(TEST_HOST)";
				CODE_SIGN_STYLE = Automatic;
				CURRENT_PROJECT_VERSION = 1;
				DEVELOPMENT_TEAM = 9T9NWZ3C4S;
				GENERATE_INFOPLIST_FILE = YES;
				IPHONEOS_DEPLOYMENT_TARGET = 17.5;
				MARKETING_VERSION = 1.0;
				PRODUCT_BUNDLE_IDENTIFIER = com.sebagu.TymeTests;
				PRODUCT_NAME = "$(TARGET_NAME)";
				SDKROOT = iphoneos;
				SWIFT_EMIT_LOC_STRINGS = NO;
				SWIFT_VERSION = 5.0;
				TARGETED_DEVICE_FAMILY = "1,2";
				TEST_HOST = "$(BUILT_PRODUCTS_DIR)/Tyme.app/$(BUNDLE_EXECUTABLE_FOLDER_PATH)/Tyme";
			};
			name = Debug;
		};
		4A7F12482C3AE284005200F2 /* Release */ = {
			isa = XCBuildConfiguration;
			buildSettings = {
				BUNDLE_LOADER = "$(TEST_HOST)";
				CODE_SIGN_STYLE = Automatic;
				CURRENT_PROJECT_VERSION = 1;
				DEVELOPMENT_TEAM = 9T9NWZ3C4S;
				GENERATE_INFOPLIST_FILE = YES;
				IPHONEOS_DEPLOYMENT_TARGET = 17.5;
				MARKETING_VERSION = 1.0;
				PRODUCT_BUNDLE_IDENTIFIER = com.sebagu.TymeTests;
				PRODUCT_NAME = "$(TARGET_NAME)";
				SDKROOT = iphoneos;
				SWIFT_EMIT_LOC_STRINGS = NO;
				SWIFT_VERSION = 5.0;
				TARGETED_DEVICE_FAMILY = "1,2";
				TEST_HOST = "$(BUILT_PRODUCTS_DIR)/Tyme.app/$(BUNDLE_EXECUTABLE_FOLDER_PATH)/Tyme";
				VALIDATE_PRODUCT = YES;
			};
			name = Release;
		};
		4A7F124A2C3AE284005200F2 /* Debug */ = {
			isa = XCBuildConfiguration;
			buildSettings = {
				CODE_SIGN_STYLE = Automatic;
				CURRENT_PROJECT_VERSION = 1;
				DEVELOPMENT_TEAM = 9T9NWZ3C4S;
				GENERATE_INFOPLIST_FILE = YES;
				IPHONEOS_DEPLOYMENT_TARGET = 17.5;
				MARKETING_VERSION = 1.0;
				PRODUCT_BUNDLE_IDENTIFIER = com.sebagu.TymeUITests;
				PRODUCT_NAME = "$(TARGET_NAME)";
				SDKROOT = iphoneos;
				SWIFT_EMIT_LOC_STRINGS = NO;
				SWIFT_VERSION = 5.0;
				TARGETED_DEVICE_FAMILY = "1,2";
				TEST_TARGET_NAME = Tyme;
			};
			name = Debug;
		};
		4A7F124B2C3AE284005200F2 /* Release */ = {
			isa = XCBuildConfiguration;
			buildSettings = {
				CODE_SIGN_STYLE = Automatic;
				CURRENT_PROJECT_VERSION = 1;
				DEVELOPMENT_TEAM = 9T9NWZ3C4S;
				GENERATE_INFOPLIST_FILE = YES;
				IPHONEOS_DEPLOYMENT_TARGET = 17.5;
				MARKETING_VERSION = 1.0;
				PRODUCT_BUNDLE_IDENTIFIER = com.sebagu.TymeUITests;
				PRODUCT_NAME = "$(TARGET_NAME)";
				SDKROOT = iphoneos;
				SWIFT_EMIT_LOC_STRINGS = NO;
				SWIFT_VERSION = 5.0;
				TARGETED_DEVICE_FAMILY = "1,2";
				TEST_TARGET_NAME = Tyme;
				VALIDATE_PRODUCT = YES;
			};
			name = Release;
		};
		4A7F124D2C3AE284005200F2 /* Debug */ = {
			isa = XCBuildConfiguration;
			buildSettings = {
				BUNDLE_LOADER = "$(TEST_HOST)";
				CODE_SIGN_STYLE = Automatic;
				CURRENT_PROJECT_VERSION = 1;
				DEVELOPMENT_TEAM = 9T9NWZ3C4S;
				GENERATE_INFOPLIST_FILE = YES;
				MARKETING_VERSION = 1.0;
				PRODUCT_BUNDLE_IDENTIFIER = "com.sebagu.Tyme-Watch-AppTests";
				PRODUCT_NAME = "$(TARGET_NAME)";
				SDKROOT = watchos;
				SWIFT_EMIT_LOC_STRINGS = NO;
				SWIFT_VERSION = 5.0;
				TARGETED_DEVICE_FAMILY = 4;
				TEST_HOST = "$(BUILT_PRODUCTS_DIR)/Tyme Watch App.app/$(BUNDLE_EXECUTABLE_FOLDER_PATH)/Tyme Watch App";
				WATCHOS_DEPLOYMENT_TARGET = 10.5;
			};
			name = Debug;
		};
		4A7F124E2C3AE284005200F2 /* Release */ = {
			isa = XCBuildConfiguration;
			buildSettings = {
				BUNDLE_LOADER = "$(TEST_HOST)";
				CODE_SIGN_STYLE = Automatic;
				CURRENT_PROJECT_VERSION = 1;
				DEVELOPMENT_TEAM = 9T9NWZ3C4S;
				GENERATE_INFOPLIST_FILE = YES;
				MARKETING_VERSION = 1.0;
				PRODUCT_BUNDLE_IDENTIFIER = "com.sebagu.Tyme-Watch-AppTests";
				PRODUCT_NAME = "$(TARGET_NAME)";
				SDKROOT = watchos;
				SWIFT_EMIT_LOC_STRINGS = NO;
				SWIFT_VERSION = 5.0;
				TARGETED_DEVICE_FAMILY = 4;
				TEST_HOST = "$(BUILT_PRODUCTS_DIR)/Tyme Watch App.app/$(BUNDLE_EXECUTABLE_FOLDER_PATH)/Tyme Watch App";
				VALIDATE_PRODUCT = YES;
				WATCHOS_DEPLOYMENT_TARGET = 10.5;
			};
			name = Release;
		};
		4A7F12502C3AE284005200F2 /* Debug */ = {
			isa = XCBuildConfiguration;
			buildSettings = {
				CODE_SIGN_STYLE = Automatic;
				CURRENT_PROJECT_VERSION = 1;
				DEVELOPMENT_TEAM = 9T9NWZ3C4S;
				GENERATE_INFOPLIST_FILE = YES;
				MARKETING_VERSION = 1.0;
				PRODUCT_BUNDLE_IDENTIFIER = "com.sebagu.Tyme-Watch-AppUITests";
				PRODUCT_NAME = "$(TARGET_NAME)";
				SDKROOT = watchos;
				SWIFT_EMIT_LOC_STRINGS = NO;
				SWIFT_VERSION = 5.0;
				TARGETED_DEVICE_FAMILY = 4;
				TEST_TARGET_NAME = "Tyme Watch App";
				WATCHOS_DEPLOYMENT_TARGET = 10.5;
			};
			name = Debug;
		};
		4A7F12512C3AE284005200F2 /* Release */ = {
			isa = XCBuildConfiguration;
			buildSettings = {
				CODE_SIGN_STYLE = Automatic;
				CURRENT_PROJECT_VERSION = 1;
				DEVELOPMENT_TEAM = 9T9NWZ3C4S;
				GENERATE_INFOPLIST_FILE = YES;
				MARKETING_VERSION = 1.0;
				PRODUCT_BUNDLE_IDENTIFIER = "com.sebagu.Tyme-Watch-AppUITests";
				PRODUCT_NAME = "$(TARGET_NAME)";
				SDKROOT = watchos;
				SWIFT_EMIT_LOC_STRINGS = NO;
				SWIFT_VERSION = 5.0;
				TARGETED_DEVICE_FAMILY = 4;
				TEST_TARGET_NAME = "Tyme Watch App";
				VALIDATE_PRODUCT = YES;
				WATCHOS_DEPLOYMENT_TARGET = 10.5;
			};
			name = Release;
		};
/* End XCBuildConfiguration section */

/* Begin XCConfigurationList section */
		4A7F11EE2C3AE282005200F2 /* Build configuration list for PBXProject "Tyme" */ = {
			isa = XCConfigurationList;
			buildConfigurations = (
				4A7F123D2C3AE284005200F2 /* Debug */,
				4A7F123E2C3AE284005200F2 /* Release */,
			);
			defaultConfigurationIsVisible = 0;
			defaultConfigurationName = Release;
		};
		4A7F123F2C3AE284005200F2 /* Build configuration list for PBXNativeTarget "Tyme Watch App" */ = {
			isa = XCConfigurationList;
			buildConfigurations = (
				4A7F12402C3AE284005200F2 /* Debug */,
				4A7F12412C3AE284005200F2 /* Release */,
			);
			defaultConfigurationIsVisible = 0;
			defaultConfigurationName = Release;
		};
		4A7F12432C3AE284005200F2 /* Build configuration list for PBXNativeTarget "Tyme" */ = {
			isa = XCConfigurationList;
			buildConfigurations = (
				4A7F12442C3AE284005200F2 /* Debug */,
				4A7F12452C3AE284005200F2 /* Release */,
			);
			defaultConfigurationIsVisible = 0;
			defaultConfigurationName = Release;
		};
		4A7F12462C3AE284005200F2 /* Build configuration list for PBXNativeTarget "TymeTests" */ = {
			isa = XCConfigurationList;
			buildConfigurations = (
				4A7F12472C3AE284005200F2 /* Debug */,
				4A7F12482C3AE284005200F2 /* Release */,
			);
			defaultConfigurationIsVisible = 0;
			defaultConfigurationName = Release;
		};
		4A7F12492C3AE284005200F2 /* Build configuration list for PBXNativeTarget "TymeUITests" */ = {
			isa = XCConfigurationList;
			buildConfigurations = (
				4A7F124A2C3AE284005200F2 /* Debug */,
				4A7F124B2C3AE284005200F2 /* Release */,
			);
			defaultConfigurationIsVisible = 0;
			defaultConfigurationName = Release;
		};
		4A7F124C2C3AE284005200F2 /* Build configuration list for PBXNativeTarget "Tyme Watch AppTests" */ = {
			isa = XCConfigurationList;
			buildConfigurations = (
				4A7F124D2C3AE284005200F2 /* Debug */,
				4A7F124E2C3AE284005200F2 /* Release */,
			);
			defaultConfigurationIsVisible = 0;
			defaultConfigurationName = Release;
		};
		4A7F124F2C3AE284005200F2 /* Build configuration list for PBXNativeTarget "Tyme Watch AppUITests" */ = {
			isa = XCConfigurationList;
			buildConfigurations = (
				4A7F12502C3AE284005200F2 /* Debug */,
				4A7F12512C3AE284005200F2 /* Release */,
			);
			defaultConfigurationIsVisible = 0;
			defaultConfigurationName = Release;
		};
/* End XCConfigurationList section */
	};
	rootObject = 4A7F11EB2C3AE282005200F2 /* Project object */;
}
